
Microsoft Visual Studio Solution File, Format Version 12.00
# Visual Studio 14
VisualStudioVersion = 14.0.25420.1
MinimumVisualStudioVersion = 10.0.40219.1
Project("{2150E333-8FDC-42A3-9474-1A3956D46DE8}") = "src", "src", "{1320B54F-0373-4EF5-A227-AE4AC8C1F381}"
EndProject
Project("{2150E333-8FDC-42A3-9474-1A3956D46DE8}") = "Solution Items", "Solution Items", "{28910DA7-721E-42D9-B00F-4652B2D8C73E}"
	ProjectSection(SolutionItems) = preProject
		global.json = global.json
	EndProjectSection
EndProject
Project("{8BB2217D-0F2D-49D1-97BC-3654ED321F3B}") = "OA.Web", "src\OA.Web\OA.Web.xproj", "{BB4AD19A-D8F6-427F-9FD7-B7D6E7AF9C8B}"
EndProject
Project("{8BB2217D-0F2D-49D1-97BC-3654ED321F3B}") = "OA.Data", "src\OA.Data\OA.Data.xproj", "{C01B2146-4F3D-4FC7-99DA-8AA6D087D8AF}"
EndProject
Project("{8BB2217D-0F2D-49D1-97BC-3654ED321F3B}") = "OA.Service", "src\OA.Service\OA.Service.xproj", "{4550A144-CF7C-4CA7-9CCF-B78C8ED3138F}"
EndProject
Project("{8BB2217D-0F2D-49D1-97BC-3654ED321F3B}") = "OA.Repo", "src\OA.Repo\OA.Repo.xproj", "{A53E294D-3FCD-47E6-90F4-686776E1A269}"
EndProject
Global
	GlobalSection(SolutionConfigurationPlatforms) = preSolution
		Debug|Any CPU = Debug|Any CPU
		Release|Any CPU = Release|Any CPU
	EndGlobalSection
	GlobalSection(ProjectConfigurationPlatforms) = postSolution
		{BB4AD19A-D8F6-427F-9FD7-B7D6E7AF9C8B}.Debug|Any CPU.ActiveCfg = Debug|Any CPU
		{BB4AD19A-D8F6-427F-9FD7-B7D6E7AF9C8B}.Debug|Any CPU.Build.0 = Debug|Any CPU
		{BB4AD19A-D8F6-427F-9FD7-B7D6E7AF9C8B}.Release|Any CPU.ActiveCfg = Release|Any CPU
		{BB4AD19A-D8F6-427F-9FD7-B7D6E7AF9C8B}.Release|Any CPU.Build.0 = Release|Any CPU
		{C01B2146-4F3D-4FC7-99DA-8AA6D087D8AF}.Debug|Any CPU.ActiveCfg = Debug|Any CPU
		{C01B2146-4F3D-4FC7-99DA-8AA6D087D8AF}.Debug|Any CPU.Build.0 = Debug|Any CPU
		{C01B2146-4F3D-4FC7-99DA-8AA6D087D8AF}.Release|Any CPU.ActiveCfg = Release|Any CPU
		{C01B2146-4F3D-4FC7-99DA-8AA6D087D8AF}.Release|Any CPU.Build.0 = Release|Any CPU
		{4550A144-CF7C-4CA7-9CCF-B78C8ED3138F}.Debug|Any CPU.ActiveCfg = Debug|Any CPU
		{4550A144-CF7C-4CA7-9CCF-B78C8ED3138F}.Debug|Any CPU.Build.0 = Debug|Any CPU
		{4550A144-CF7C-4CA7-9CCF-B78C8ED3138F}.Release|Any CPU.ActiveCfg = Release|Any CPU
		{4550A144-CF7C-4CA7-9CCF-B78C8ED3138F}.Release|Any CPU.Build.0 = Release|Any CPU
		{A53E294D-3FCD-47E6-90F4-686776E1A269}.Debug|Any CPU.ActiveCfg = Debug|Any CPU
		{A53E294D-3FCD-47E6-90F4-686776E1A269}.Debug|Any CPU.Build.0 = Debug|Any CPU
		{A53E294D-3FCD-47E6-90F4-686776E1A269}.Release|Any CPU.ActiveCfg = Release|Any CPU
		{A53E294D-3FCD-47E6-90F4-686776E1A269}.Release|Any CPU.Build.0 = Release|Any CPU
	EndGlobalSection
	GlobalSection(SolutionProperties) = preSolution
		HideSolutionNode = FALSE
	EndGlobalSection
	GlobalSection(NestedProjects) = preSolution
		{BB4AD19A-D8F6-427F-9FD7-B7D6E7AF9C8B} = {1320B54F-0373-4EF5-A227-AE4AC8C1F381}
		{C01B2146-4F3D-4FC7-99DA-8AA6D087D8AF} = {1320B54F-0373-4EF5-A227-AE4AC8C1F381}
		{4550A144-CF7C-4CA7-9CCF-B78C8ED3138F} = {1320B54F-0373-4EF5-A227-AE4AC8C1F381}
		{A53E294D-3FCD-47E6-90F4-686776E1A269} = {1320B54F-0373-4EF5-A227-AE4AC8C1F381}
	EndGlobalSection
EndGlobal
